Microsoft Visual Studio Solution File, Format Version 12.00
# Visual Studio 2012
Project("{FAE04EC0-301F-11D3-BF4B-00C04F79EFBC}") = "ProjectCH1C0", "ProjectCH1C0.csproj", "{D18F1A3B-F5DC-4B66-ABA3-35F56B546006}"
EndProject
Global
	GlobalSection(SolutionConfigurationPlatforms) = preSolution
	Debug|Any CPU = Debug|Any CPU
	ExportDebug|Any CPU = ExportDebug|Any CPU
	ExportRelease|Any CPU = ExportRelease|Any CPU
	EndGlobalSection
	GlobalSection(ProjectConfigurationPlatforms) = postSolution
		{D18F1A3B-F5DC-4B66-ABA3-35F56B546006}.Debug|Any CPU.ActiveCfg = Debug|Any CPU
		{D18F1A3B-F5DC-4B66-ABA3-35F56B546006}.Debug|Any CPU.Build.0 = Debug|Any CPU
		{D18F1A3B-F5DC-4B66-ABA3-35F56B546006}.ExportDebug|Any CPU.ActiveCfg = ExportDebug|Any CPU
		{D18F1A3B-F5DC-4B66-ABA3-35F56B546006}.ExportDebug|Any CPU.Build.0 = ExportDebug|Any CPU
		{D18F1A3B-F5DC-4B66-ABA3-35F56B546006}.ExportRelease|Any CPU.ActiveCfg = ExportRelease|Any CPU
		{D18F1A3B-F5DC-4B66-ABA3-35F56B546006}.ExportRelease|Any CPU.Build.0 = ExportRelease|Any CPU
	EndGlobalSection
EndGlobal
